
Microsoft Visual Studio Solution File, Format Version 12.00
# Visual Studio Version 16
VisualStudioVersion = 16.0.29009.5
MinimumVisualStudioVersion = 10.0.40219.1
Project("{FAE04EC0-301F-11D3-BF4B-00C04F79EFBC}") = "ConsoleApplication", "ConsoleApplication\ConsoleApplication.csproj", "{9C819CE7-3729-4DCD-ACCE-538963B013E2}"
EndProject
Global
	GlobalSection(SolutionConfigurationPlatforms) = preSolution
		Debug|Any CPU = Debug|Any CPU
		Release|Any CPU = Release|Any CPU
	EndGlobalSection
	GlobalSection(ProjectConfigurationPlatforms) = postSolution
		{9C819CE7-3729-4DCD-ACCE-538963B013E2}.Debug|Any CPU.ActiveCfg = Debug|Any CPU
		{9C819CE7-3729-4DCD-ACCE-538963B013E2}.Debug|Any CPU.Build.0 = Debug|Any CPU
		{9C819CE7-3729-4DCD-ACCE-538963B013E2}.Release|Any CPU.ActiveCfg = Release|Any CPU
		{9C819CE7-3729-4DCD-ACCE-538963B013E2}.Release|Any CPU.Build.0 = Release|Any CPU
	EndGlobalSection
	GlobalSection(SolutionProperties) = preSolution
		HideSolutionNode = FALSE
	EndGlobalSection
	GlobalSection(ExtensibilityGlobals) = postSolution
		SolutionGuid = {80DD72CB-8E8A-4A48-B77A-7F93DB391FD5}
	EndGlobalSection
EndGlobal
